
Microsoft Visual Studio Solution File, Format Version 12.00
# Visual Studio Version 16
VisualStudioVersion = 16.0.31911.196
MinimumVisualStudioVersion = 10.0.40219.1
Project("{FAE04EC0-301F-11D3-BF4B-00C04F79EFBC}") = "Wpf18", "Wpf18\Wpf18.csproj", "{BDF0B3CA-F5B1-45F4-B012-6DE11A6D52B1}"
EndProject
Global
	GlobalSection(SolutionConfigurationPlatforms) = preSolution
		Debug|Any CPU = Debug|Any CPU
		Release|Any CPU = Release|Any CPU
	EndGlobalSection
	GlobalSection(ProjectConfigurationPlatforms) = postSolution
		{BDF0B3CA-F5B1-45F4-B012-6DE11A6D52B1}.Debug|Any CPU.ActiveCfg = Debug|Any CPU
		{BDF0B3CA-F5B1-45F4-B012-6DE11A6D52B1}.Debug|Any CPU.Build.0 = Debug|Any CPU
		{BDF0B3CA-F5B1-45F4-B012-6DE11A6D52B1}.Release|Any CPU.ActiveCfg = Release|Any CPU
		{BDF0B3CA-F5B1-45F4-B012-6DE11A6D52B1}.Release|Any CPU.Build.0 = Release|Any CPU
	EndGlobalSection
	GlobalSection(SolutionProperties) = preSolution
		HideSolutionNode = FALSE
	EndGlobalSection
	GlobalSection(ExtensibilityGlobals) = postSolution
		SolutionGuid = {11B7C52F-42A7-4DB8-8E78-D66B3BE9D953}
	EndGlobalSection
EndGlobal
